
Microsoft Visual Studio Solution File, Format Version 12.00
# Visual Studio Version 17
VisualStudioVersion = 17.5.002.0
MinimumVisualStudioVersion = 10.0.40219.1
Project("{2150E333-8FDC-42A3-9474-1A3956D46DE8}") = "sandbox", "sandbox", "{018A8750-8081-4610-A062-43E439200341}"
EndProject
Project("{9A19103F-16F7-4668-BE54-9A1E7A4F7556}") = "sandbox_project", "sandbox\sandbox_project\sandbox_project.csproj", "{A8876E5C-0041-4C75-A19C-0A11CB5A308B}"
EndProject
Project("{2150E333-8FDC-42A3-9474-1A3956D46DE8}") = "week01", "week01", "{FCDBF63E-9FD1-4F95-8A43-13FCF4B75761}"
EndProject
Project("{9A19103F-16F7-4668-BE54-9A1E7A4F7556}") = "analyze", "week01\analyze\analyze.csproj", "{62A719BC-C454-47AB-8C40-621662320203}"
EndProject
Project("{9A19103F-16F7-4668-BE54-9A1E7A4F7556}") = "code", "week01\code\code.csproj", "{0DEECCF8-1249-4582-8CBB-7D02386CCADF}"
EndProject
Project("{9A19103F-16F7-4668-BE54-9A1E7A4F7556}") = "teach", "week01\teach\teach.csproj", "{995CE0F9-23CE-435E-BD51-DDA6733964E4}"
EndProject
Project("{2150E333-8FDC-42A3-9474-1A3956D46DE8}") = "week02", "week02", "{6A67F7EE-B543-4D22-9EFB-0ECC774EB1BB}"
EndProject
Project("{9A19103F-16F7-4668-BE54-9A1E7A4F7556}") = "analyze", "week02\analyze\analyze.csproj", "{97F5C700-AEBE-42BF-B666-247B6CEF6A13}"
EndProject
Project("{9A19103F-16F7-4668-BE54-9A1E7A4F7556}") = "code", "week02\code\code.csproj", "{5B6AD736-BEAC-4AA3-A525-7F52AE1C610A}"
EndProject
Project("{9A19103F-16F7-4668-BE54-9A1E7A4F7556}") = "learn", "week02\learn\learn.csproj", "{42B69CDD-27AB-4F9F-B56E-24C409B5B81F}"
EndProject
Project("{9A19103F-16F7-4668-BE54-9A1E7A4F7556}") = "teach", "week02\teach\teach.csproj", "{9A08299E-5160-4A07-828A-4BE13B9B85F4}"
EndProject
Project("{2150E333-8FDC-42A3-9474-1A3956D46DE8}") = "week03", "week03", "{45C90922-310A-4DFF-92E2-6AD389B39907}"
EndProject
Project("{9A19103F-16F7-4668-BE54-9A1E7A4F7556}") = "code", "week03\code\code.csproj", "{E3795A75-EF2B-4908-9625-0C4E7F7EC917}"
EndProject
Project("{9A19103F-16F7-4668-BE54-9A1E7A4F7556}") = "learn", "week03\learn\learn.csproj", "{08D91CB8-BB77-4E54-B7DC-BF81BE79CA8E}"
EndProject
Project("{9A19103F-16F7-4668-BE54-9A1E7A4F7556}") = "teach", "week03\teach\teach.csproj", "{224F3731-C37C-4E7A-B1B8-2656081912BC}"
EndProject
Project("{2150E333-8FDC-42A3-9474-1A3956D46DE8}") = "week04", "week04", "{FEBADDAC-04F1-47BA-9AAD-45B547A8F5DB}"
EndProject
Project("{9A19103F-16F7-4668-BE54-9A1E7A4F7556}") = "code", "week04\code\code.csproj", "{05A22878-5FE7-4CD1-8C29-A63214D05D76}"
EndProject
Project("{2150E333-8FDC-42A3-9474-1A3956D46DE8}") = "week05", "week05", "{D882E535-C1AF-4CD2-8FB7-F0E11B5CF95E}"
EndProject
Project("{9A19103F-16F7-4668-BE54-9A1E7A4F7556}") = "code", "week05\code\code.csproj", "{12767C2C-8CC8-44D1-A5D0-237CB793F11E}"
EndProject
Project("{2150E333-8FDC-42A3-9474-1A3956D46DE8}") = "week06", "week06", "{BC023B60-FE7D-45FD-A6A4-F26FFB840F9F}"
EndProject
Project("{9A19103F-16F7-4668-BE54-9A1E7A4F7556}") = "code", "week06\code\code.csproj", "{CDA9AD3A-2858-4E15-84A8-FB84CF837350}"
EndProject
Global
	GlobalSection(SolutionConfigurationPlatforms) = preSolution
		Debug|Any CPU = Debug|Any CPU
		Release|Any CPU = Release|Any CPU
	EndGlobalSection
	GlobalSection(ProjectConfigurationPlatforms) = postSolution
		{A8876E5C-0041-4C75-A19C-0A11CB5A308B}.Debug|Any CPU.ActiveCfg = Debug|Any CPU
		{A8876E5C-0041-4C75-A19C-0A11CB5A308B}.Debug|Any CPU.Build.0 = Debug|Any CPU
		{A8876E5C-0041-4C75-A19C-0A11CB5A308B}.Release|Any CPU.ActiveCfg = Release|Any CPU
		{A8876E5C-0041-4C75-A19C-0A11CB5A308B}.Release|Any CPU.Build.0 = Release|Any CPU
		{62A719BC-C454-47AB-8C40-621662320203}.Debug|Any CPU.ActiveCfg = Debug|Any CPU
		{62A719BC-C454-47AB-8C40-621662320203}.Debug|Any CPU.Build.0 = Debug|Any CPU
		{62A719BC-C454-47AB-8C40-621662320203}.Release|Any CPU.ActiveCfg = Release|Any CPU
		{62A719BC-C454-47AB-8C40-621662320203}.Release|Any CPU.Build.0 = Release|Any CPU
		{0DEECCF8-1249-4582-8CBB-7D02386CCADF}.Debug|Any CPU.ActiveCfg = Debug|Any CPU
		{0DEECCF8-1249-4582-8CBB-7D02386CCADF}.Debug|Any CPU.Build.0 = Debug|Any CPU
		{0DEECCF8-1249-4582-8CBB-7D02386CCADF}.Release|Any CPU.ActiveCfg = Release|Any CPU
		{0DEECCF8-1249-4582-8CBB-7D02386CCADF}.Release|Any CPU.Build.0 = Release|Any CPU
		{995CE0F9-23CE-435E-BD51-DDA6733964E4}.Debug|Any CPU.ActiveCfg = Debug|Any CPU
		{995CE0F9-23CE-435E-BD51-DDA6733964E4}.Debug|Any CPU.Build.0 = Debug|Any CPU
		{995CE0F9-23CE-435E-BD51-DDA6733964E4}.Release|Any CPU.ActiveCfg = Release|Any CPU
		{995CE0F9-23CE-435E-BD51-DDA6733964E4}.Release|Any CPU.Build.0 = Release|Any CPU
		{97F5C700-AEBE-42BF-B666-247B6CEF6A13}.Debug|Any CPU.ActiveCfg = Debug|Any CPU
		{97F5C700-AEBE-42BF-B666-247B6CEF6A13}.Debug|Any CPU.Build.0 = Debug|Any CPU
		{97F5C700-AEBE-42BF-B666-247B6CEF6A13}.Release|Any CPU.ActiveCfg = Release|Any CPU
		{97F5C700-AEBE-42BF-B666-247B6CEF6A13}.Release|Any CPU.Build.0 = Release|Any CPU
		{5B6AD736-BEAC-4AA3-A525-7F52AE1C610A}.Debug|Any CPU.ActiveCfg = Debug|Any CPU
		{5B6AD736-BEAC-4AA3-A525-7F52AE1C610A}.Debug|Any CPU.Build.0 = Debug|Any CPU
		{5B6AD736-BEAC-4AA3-A525-7F52AE1C610A}.Release|Any CPU.ActiveCfg = Release|Any CPU
		{5B6AD736-BEAC-4AA3-A525-7F52AE1C610A}.Release|Any CPU.Build.0 = Release|Any CPU
		{42B69CDD-27AB-4F9F-B56E-24C409B5B81F}.Debug|Any CPU.ActiveCfg = Debug|Any CPU
		{42B69CDD-27AB-4F9F-B56E-24C409B5B81F}.Debug|Any CPU.Build.0 = Debug|Any CPU
		{42B69CDD-27AB-4F9F-B56E-24C409B5B81F}.Release|Any CPU.ActiveCfg = Release|Any CPU
		{42B69CDD-27AB-4F9F-B56E-24C409B5B81F}.Release|Any CPU.Build.0 = Release|Any CPU
		{9A08299E-5160-4A07-828A-4BE13B9B85F4}.Debug|Any CPU.ActiveCfg = Debug|Any CPU
		{9A08299E-5160-4A07-828A-4BE13B9B85F4}.Debug|Any CPU.Build.0 = Debug|Any CPU
		{9A08299E-5160-4A07-828A-4BE13B9B85F4}.Release|Any CPU.ActiveCfg = Release|Any CPU
		{9A08299E-5160-4A07-828A-4BE13B9B85F4}.Release|Any CPU.Build.0 = Release|Any CPU
		{E3795A75-EF2B-4908-9625-0C4E7F7EC917}.Debug|Any CPU.ActiveCfg = Debug|Any CPU
		{E3795A75-EF2B-4908-9625-0C4E7F7EC917}.Debug|Any CPU.Build.0 = Debug|Any CPU
		{E3795A75-EF2B-4908-9625-0C4E7F7EC917}.Release|Any CPU.ActiveCfg = Release|Any CPU
		{E3795A75-EF2B-4908-9625-0C4E7F7EC917}.Release|Any CPU.Build.0 = Release|Any CPU
		{08D91CB8-BB77-4E54-B7DC-BF81BE79CA8E}.Debug|Any CPU.ActiveCfg = Debug|Any CPU
		{08D91CB8-BB77-4E54-B7DC-BF81BE79CA8E}.Debug|Any CPU.Build.0 = Debug|Any CPU
		{08D91CB8-BB77-4E54-B7DC-BF81BE79CA8E}.Release|Any CPU.ActiveCfg = Release|Any CPU
		{08D91CB8-BB77-4E54-B7DC-BF81BE79CA8E}.Release|Any CPU.Build.0 = Release|Any CPU
		{224F3731-C37C-4E7A-B1B8-2656081912BC}.Debug|Any CPU.ActiveCfg = Debug|Any CPU
		{224F3731-C37C-4E7A-B1B8-2656081912BC}.Debug|Any CPU.Build.0 = Debug|Any CPU
		{224F3731-C37C-4E7A-B1B8-2656081912BC}.Release|Any CPU.ActiveCfg = Release|Any CPU
		{224F3731-C37C-4E7A-B1B8-2656081912BC}.Release|Any CPU.Build.0 = Release|Any CPU
		{05A22878-5FE7-4CD1-8C29-A63214D05D76}.Debug|Any CPU.ActiveCfg = Debug|Any CPU
		{05A22878-5FE7-4CD1-8C29-A63214D05D76}.Debug|Any CPU.Build.0 = Debug|Any CPU
		{05A22878-5FE7-4CD1-8C29-A63214D05D76}.Release|Any CPU.ActiveCfg = Release|Any CPU
		{05A22878-5FE7-4CD1-8C29-A63214D05D76}.Release|Any CPU.Build.0 = Release|Any CPU
		{12767C2C-8CC8-44D1-A5D0-237CB793F11E}.Debug|Any CPU.ActiveCfg = Debug|Any CPU
		{12767C2C-8CC8-44D1-A5D0-237CB793F11E}.Debug|Any CPU.Build.0 = Debug|Any CPU
		{12767C2C-8CC8-44D1-A5D0-237CB793F11E}.Release|Any CPU.ActiveCfg = Release|Any CPU
		{12767C2C-8CC8-44D1-A5D0-237CB793F11E}.Release|Any CPU.Build.0 = Release|Any CPU
		{CDA9AD3A-2858-4E15-84A8-FB84CF837350}.Debug|Any CPU.ActiveCfg = Debug|Any CPU
		{CDA9AD3A-2858-4E15-84A8-FB84CF837350}.Debug|Any CPU.Build.0 = Debug|Any CPU
		{CDA9AD3A-2858-4E15-84A8-FB84CF837350}.Release|Any CPU.ActiveCfg = Release|Any CPU
		{CDA9AD3A-2858-4E15-84A8-FB84CF837350}.Release|Any CPU.Build.0 = Release|Any CPU
	EndGlobalSection
	GlobalSection(SolutionProperties) = preSolution
		HideSolutionNode = FALSE
	EndGlobalSection
	GlobalSection(NestedProjects) = preSolution
		{A8876E5C-0041-4C75-A19C-0A11CB5A308B} = {018A8750-8081-4610-A062-43E439200341}
		{62A719BC-C454-47AB-8C40-621662320203} = {FCDBF63E-9FD1-4F95-8A43-13FCF4B75761}
		{0DEECCF8-1249-4582-8CBB-7D02386CCADF} = {FCDBF63E-9FD1-4F95-8A43-13FCF4B75761}
		{995CE0F9-23CE-435E-BD51-DDA6733964E4} = {FCDBF63E-9FD1-4F95-8A43-13FCF4B75761}
		{97F5C700-AEBE-42BF-B666-247B6CEF6A13} = {6A67F7EE-B543-4D22-9EFB-0ECC774EB1BB}
		{5B6AD736-BEAC-4AA3-A525-7F52AE1C610A} = {6A67F7EE-B543-4D22-9EFB-0ECC774EB1BB}
		{42B69CDD-27AB-4F9F-B56E-24C409B5B81F} = {6A67F7EE-B543-4D22-9EFB-0ECC774EB1BB}
		{9A08299E-5160-4A07-828A-4BE13B9B85F4} = {6A67F7EE-B543-4D22-9EFB-0ECC774EB1BB}
		{E3795A75-EF2B-4908-9625-0C4E7F7EC917} = {45C90922-310A-4DFF-92E2-6AD389B39907}
		{08D91CB8-BB77-4E54-B7DC-BF81BE79CA8E} = {45C90922-310A-4DFF-92E2-6AD389B39907}
		{224F3731-C37C-4E7A-B1B8-2656081912BC} = {45C90922-310A-4DFF-92E2-6AD389B39907}
		{05A22878-5FE7-4CD1-8C29-A63214D05D76} = {FEBADDAC-04F1-47BA-9AAD-45B547A8F5DB}
		{12767C2C-8CC8-44D1-A5D0-237CB793F11E} = {D882E535-C1AF-4CD2-8FB7-F0E11B5CF95E}
		{CDA9AD3A-2858-4E15-84A8-FB84CF837350} = {BC023B60-FE7D-45FD-A6A4-F26FFB840F9F}
	EndGlobalSection
	GlobalSection(ExtensibilityGlobals) = postSolution
		SolutionGuid = {020AEC7C-5FE9-471C-B2EF-94CDCD2F5B72}
	EndGlobalSection
EndGlobal
